
Microsoft Visual Studio Solution File, Format Version 12.00
# Visual Studio Version 16
VisualStudioVersion = 16.0.29519.87
MinimumVisualStudioVersion = 10.0.40219.1
Project("{9A19103F-16F7-4668-BE54-9A1E7A4F7556}") = "Homework", "Homework.csproj", "{8C673BD2-0698-4D00-98F4-2D59D0337610}"
EndProject
Project("{9A19103F-16F7-4668-BE54-9A1E7A4F7556}") = "Homework.Tests", "..\HomeWork.Tests\Homework.Tests.csproj", "{865340B5-2A5B-4C2B-AFB7-2EAB182750E4}"
EndProject
Global
	GlobalSection(SolutionConfigurationPlatforms) = preSolution
		Debug|Any CPU = Debug|Any CPU
		Release|Any CPU = Release|Any CPU
	EndGlobalSection
	GlobalSection(ProjectConfigurationPlatforms) = postSolution
		{8C673BD2-0698-4D00-98F4-2D59D0337610}.Debug|Any CPU.ActiveCfg = Debug|Any CPU
		{8C673BD2-0698-4D00-98F4-2D59D0337610}.Debug|Any CPU.Build.0 = Debug|Any CPU
		{8C673BD2-0698-4D00-98F4-2D59D0337610}.Release|Any CPU.ActiveCfg = Release|Any CPU
		{8C673BD2-0698-4D00-98F4-2D59D0337610}.Release|Any CPU.Build.0 = Release|Any CPU
		{865340B5-2A5B-4C2B-AFB7-2EAB182750E4}.Debug|Any CPU.ActiveCfg = Debug|Any CPU
		{865340B5-2A5B-4C2B-AFB7-2EAB182750E4}.Debug|Any CPU.Build.0 = Debug|Any CPU
		{865340B5-2A5B-4C2B-AFB7-2EAB182750E4}.Release|Any CPU.ActiveCfg = Release|Any CPU
		{865340B5-2A5B-4C2B-AFB7-2EAB182750E4}.Release|Any CPU.Build.0 = Release|Any CPU
	EndGlobalSection
	GlobalSection(SolutionProperties) = preSolution
		HideSolutionNode = FALSE
	EndGlobalSection
	GlobalSection(ExtensibilityGlobals) = postSolution
		SolutionGuid = {36A6CC40-C036-4352-8689-04CFA3A55F6F}
	EndGlobalSection
EndGlobal
